
Microsoft Visual Studio Solution File, Format Version 12.00
# Visual Studio Version 17
VisualStudioVersion = 17.3.32929.385
MinimumVisualStudioVersion = 10.0.40219.1
Project("{FAE04EC0-301F-11D3-BF4B-00C04F79EFBC}") = "11_1", "11_1\11_1.csproj", "{0864879B-3C17-4809-BE8F-DBE950B6238B}"
EndProject
Global
	GlobalSection(SolutionConfigurationPlatforms) = preSolution
		Debug|Any CPU = Debug|Any CPU
		Release|Any CPU = Release|Any CPU
	EndGlobalSection
	GlobalSection(ProjectConfigurationPlatforms) = postSolution
		{0864879B-3C17-4809-BE8F-DBE950B6238B}.Debug|Any CPU.ActiveCfg = Debug|Any CPU
		{0864879B-3C17-4809-BE8F-DBE950B6238B}.Debug|Any CPU.Build.0 = Debug|Any CPU
		{0864879B-3C17-4809-BE8F-DBE950B6238B}.Release|Any CPU.ActiveCfg = Release|Any CPU
		{0864879B-3C17-4809-BE8F-DBE950B6238B}.Release|Any CPU.Build.0 = Release|Any CPU
	EndGlobalSection
	GlobalSection(SolutionProperties) = preSolution
		HideSolutionNode = FALSE
	EndGlobalSection
	GlobalSection(ExtensibilityGlobals) = postSolution
		SolutionGuid = {5A98CC9F-6DAA-4EF6-99A0-3C70C8F71C17}
	EndGlobalSection
EndGlobal
